
Microsoft Visual Studio Solution File, Format Version 12.00
# Visual Studio Version 17
VisualStudioVersion = 17.9.34714.143
MinimumVisualStudioVersion = 10.0.40219.1
Project("{FAE04EC0-301F-11D3-BF4B-00C04F79EFBC}") = "SassoInmobiliariaAPI", "SassoInmobiliariaAPI\SassoInmobiliariaAPI.csproj", "{E5E4B9CC-AFFC-451B-8117-D88F46CBAEDA}"
EndProject
Global
	GlobalSection(SolutionConfigurationPlatforms) = preSolution
		Debug|Any CPU = Debug|Any CPU
		Release|Any CPU = Release|Any CPU
	EndGlobalSection
	GlobalSection(ProjectConfigurationPlatforms) = postSolution
		{E5E4B9CC-AFFC-451B-8117-D88F46CBAEDA}.Debug|Any CPU.ActiveCfg = Debug|Any CPU
		{E5E4B9CC-AFFC-451B-8117-D88F46CBAEDA}.Debug|Any CPU.Build.0 = Debug|Any CPU
		{E5E4B9CC-AFFC-451B-8117-D88F46CBAEDA}.Release|Any CPU.ActiveCfg = Release|Any CPU
		{E5E4B9CC-AFFC-451B-8117-D88F46CBAEDA}.Release|Any CPU.Build.0 = Release|Any CPU
	EndGlobalSection
	GlobalSection(SolutionProperties) = preSolution
		HideSolutionNode = FALSE
	EndGlobalSection
	GlobalSection(ExtensibilityGlobals) = postSolution
		SolutionGuid = {54636B86-70D3-492C-8E6A-F17CA5762761}
	EndGlobalSection
EndGlobal
